
Microsoft Visual Studio Solution File, Format Version 12.00
# Visual Studio Version 17
VisualStudioVersion = 17.3.32929.385
MinimumVisualStudioVersion = 10.0.40219.1
Project("{2150E333-8FDC-42A3-9474-1A3956D46DE8}") = "CodeUp", "CodeUp", "{AFA38F57-D203-4BAE-A4A8-06E78C7B0E32}"
EndProject
Project("{8BC9CEB8-8B4A-11D0-8D11-00A0C91BC942}") = "CU1101", "CU1101\CU1101.vcxproj", "{12F7F0F1-3DD0-4F14-B113-56A95520A813}"
EndProject
Project("{8BC9CEB8-8B4A-11D0-8D11-00A0C91BC942}") = "CU1102", "CU1102\CU1102.vcxproj", "{E9142E6C-C475-400A-8CE2-66BF5D14057D}"
EndProject
Project("{8BC9CEB8-8B4A-11D0-8D11-00A0C91BC942}") = "CU1103", "CU1103\CU1103.vcxproj", "{10BDDEAD-8B76-4D3A-BDD3-A07EAB8EF5F8}"
EndProject
Project("{8BC9CEB8-8B4A-11D0-8D11-00A0C91BC942}") = "CU1402", "CU1402\CU1402.vcxproj", "{4ECBDFA2-14A0-4262-BC4E-1437ADB551BB}"
EndProject
Project("{8BC9CEB8-8B4A-11D0-8D11-00A0C91BC942}") = "CU1403", "CU1403\CU1403.vcxproj", "{84B5444A-7A27-40AF-B6C3-17C45EA4B928}"
EndProject
Project("{8BC9CEB8-8B4A-11D0-8D11-00A0C91BC942}") = "CU1405", "CU1405\CU1405.vcxproj", "{6F2EB439-30E8-45F9-B5B4-9BC2D6407796}"
EndProject
Project("{8BC9CEB8-8B4A-11D0-8D11-00A0C91BC942}") = "CU1407", "CU1407\CU1407.vcxproj", "{EC86A57B-EC98-4B0C-907C-42470463460C}"
EndProject
Project("{8BC9CEB8-8B4A-11D0-8D11-00A0C91BC942}") = "CU1409", "CU1409\CU1409.vcxproj", "{ACDA33D6-AF88-4ED0-A8FA-1AD640025F70}"
EndProject
Project("{8BC9CEB8-8B4A-11D0-8D11-00A0C91BC942}") = "CU1410", "CU1410\CU1410.vcxproj", "{5D15D5A4-876A-46A1-8986-48B64ED14E4B}"
EndProject
Project("{8BC9CEB8-8B4A-11D0-8D11-00A0C91BC942}") = "CU1430", "CU1430\CU1430.vcxproj", "{E0D69245-458A-403E-A22C-F0D7904A667E}"
EndProject
Project("{8BC9CEB8-8B4A-11D0-8D11-00A0C91BC942}") = "CU1411", "CU1411\CU1411.vcxproj", "{7C251AC6-13E0-40D3-B1A7-718FF6F6BE5F}"
EndProject
Project("{8BC9CEB8-8B4A-11D0-8D11-00A0C91BC942}") = "CU1425", "CU1425\CU1425.vcxproj", "{3C7C9B9F-59C3-4AEF-A2F4-E6D30B1E7631}"
EndProject
Project("{8BC9CEB8-8B4A-11D0-8D11-00A0C91BC942}") = "CU1440", "CU1440\CU1440.vcxproj", "{476BBC3D-7737-44D5-8C88-219AAECC061B}"
EndProject
Project("{8BC9CEB8-8B4A-11D0-8D11-00A0C91BC942}") = "CU1172", "CU1172\CU1172.vcxproj", "{E23D7EBB-F667-404A-A049-E130E2428958}"
EndProject
Project("{8BC9CEB8-8B4A-11D0-8D11-00A0C91BC942}") = "CU1420", "CU1420\CU1420.vcxproj", "{CD2E2F69-1BE7-441B-839E-0693606B8BC2}"
EndProject
Project("{8BC9CEB8-8B4A-11D0-8D11-00A0C91BC942}") = "CU1441", "CU1441\CU1441.vcxproj", "{3A893509-9D16-4216-BEE2-31C43112B164}"
EndProject
Project("{8BC9CEB8-8B4A-11D0-8D11-00A0C91BC942}") = "CU1442", "CU1442\CU1442.vcxproj", "{8E6A0190-BB79-40F1-8908-3FCD1821BB33}"
EndProject
Global
	GlobalSection(SolutionConfigurationPlatforms) = preSolution
		Debug|x64 = Debug|x64
		Debug|x86 = Debug|x86
		Release|x64 = Release|x64
		Release|x86 = Release|x86
	EndGlobalSection
	GlobalSection(ProjectConfigurationPlatforms) = postSolution
		{12F7F0F1-3DD0-4F14-B113-56A95520A813}.Debug|x64.ActiveCfg = Debug|x64
		{12F7F0F1-3DD0-4F14-B113-56A95520A813}.Debug|x64.Build.0 = Debug|x64
		{12F7F0F1-3DD0-4F14-B113-56A95520A813}.Debug|x86.ActiveCfg = Debug|Win32
		{12F7F0F1-3DD0-4F14-B113-56A95520A813}.Debug|x86.Build.0 = Debug|Win32
		{12F7F0F1-3DD0-4F14-B113-56A95520A813}.Release|x64.ActiveCfg = Release|x64
		{12F7F0F1-3DD0-4F14-B113-56A95520A813}.Release|x64.Build.0 = Release|x64
		{12F7F0F1-3DD0-4F14-B113-56A95520A813}.Release|x86.ActiveCfg = Release|Win32
		{12F7F0F1-3DD0-4F14-B113-56A95520A813}.Release|x86.Build.0 = Release|Win32
		{E9142E6C-C475-400A-8CE2-66BF5D14057D}.Debug|x64.ActiveCfg = Debug|x64
		{E9142E6C-C475-400A-8CE2-66BF5D14057D}.Debug|x64.Build.0 = Debug|x64
		{E9142E6C-C475-400A-8CE2-66BF5D14057D}.Debug|x86.ActiveCfg = Debug|Win32
		{E9142E6C-C475-400A-8CE2-66BF5D14057D}.Debug|x86.Build.0 = Debug|Win32
		{E9142E6C-C475-400A-8CE2-66BF5D14057D}.Release|x64.ActiveCfg = Release|x64
		{E9142E6C-C475-400A-8CE2-66BF5D14057D}.Release|x64.Build.0 = Release|x64
		{E9142E6C-C475-400A-8CE2-66BF5D14057D}.Release|x86.ActiveCfg = Release|Win32
		{E9142E6C-C475-400A-8CE2-66BF5D14057D}.Release|x86.Build.0 = Release|Win32
		{10BDDEAD-8B76-4D3A-BDD3-A07EAB8EF5F8}.Debug|x64.ActiveCfg = Debug|x64
		{10BDDEAD-8B76-4D3A-BDD3-A07EAB8EF5F8}.Debug|x64.Build.0 = Debug|x64
		{10BDDEAD-8B76-4D3A-BDD3-A07EAB8EF5F8}.Debug|x86.ActiveCfg = Debug|Win32
		{10BDDEAD-8B76-4D3A-BDD3-A07EAB8EF5F8}.Debug|x86.Build.0 = Debug|Win32
		{10BDDEAD-8B76-4D3A-BDD3-A07EAB8EF5F8}.Release|x64.ActiveCfg = Release|x64
		{10BDDEAD-8B76-4D3A-BDD3-A07EAB8EF5F8}.Release|x64.Build.0 = Release|x64
		{10BDDEAD-8B76-4D3A-BDD3-A07EAB8EF5F8}.Release|x86.ActiveCfg = Release|Win32
		{10BDDEAD-8B76-4D3A-BDD3-A07EAB8EF5F8}.Release|x86.Build.0 = Release|Win32
		{4ECBDFA2-14A0-4262-BC4E-1437ADB551BB}.Debug|x64.ActiveCfg = Debug|x64
		{4ECBDFA2-14A0-4262-BC4E-1437ADB551BB}.Debug|x64.Build.0 = Debug|x64
		{4ECBDFA2-14A0-4262-BC4E-1437ADB551BB}.Debug|x86.ActiveCfg = Debug|Win32
		{4ECBDFA2-14A0-4262-BC4E-1437ADB551BB}.Debug|x86.Build.0 = Debug|Win32
		{4ECBDFA2-14A0-4262-BC4E-1437ADB551BB}.Release|x64.ActiveCfg = Release|x64
		{4ECBDFA2-14A0-4262-BC4E-1437ADB551BB}.Release|x64.Build.0 = Release|x64
		{4ECBDFA2-14A0-4262-BC4E-1437ADB551BB}.Release|x86.ActiveCfg = Release|Win32
		{4ECBDFA2-14A0-4262-BC4E-1437ADB551BB}.Release|x86.Build.0 = Release|Win32
		{84B5444A-7A27-40AF-B6C3-17C45EA4B928}.Debug|x64.ActiveCfg = Debug|x64
		{84B5444A-7A27-40AF-B6C3-17C45EA4B928}.Debug|x64.Build.0 = Debug|x64
		{84B5444A-7A27-40AF-B6C3-17C45EA4B928}.Debug|x86.ActiveCfg = Debug|Win32
		{84B5444A-7A27-40AF-B6C3-17C45EA4B928}.Debug|x86.Build.0 = Debug|Win32
		{84B5444A-7A27-40AF-B6C3-17C45EA4B928}.Release|x64.ActiveCfg = Release|x64
		{84B5444A-7A27-40AF-B6C3-17C45EA4B928}.Release|x64.Build.0 = Release|x64
		{84B5444A-7A27-40AF-B6C3-17C45EA4B928}.Release|x86.ActiveCfg = Release|Win32
		{84B5444A-7A27-40AF-B6C3-17C45EA4B928}.Release|x86.Build.0 = Release|Win32
		{6F2EB439-30E8-45F9-B5B4-9BC2D6407796}.Debug|x64.ActiveCfg = Debug|x64
		{6F2EB439-30E8-45F9-B5B4-9BC2D6407796}.Debug|x64.Build.0 = Debug|x64
		{6F2EB439-30E8-45F9-B5B4-9BC2D6407796}.Debug|x86.ActiveCfg = Debug|Win32
		{6F2EB439-30E8-45F9-B5B4-9BC2D6407796}.Debug|x86.Build.0 = Debug|Win32
		{6F2EB439-30E8-45F9-B5B4-9BC2D6407796}.Release|x64.ActiveCfg = Release|x64
		{6F2EB439-30E8-45F9-B5B4-9BC2D6407796}.Release|x64.Build.0 = Release|x64
		{6F2EB439-30E8-45F9-B5B4-9BC2D6407796}.Release|x86.ActiveCfg = Release|Win32
		{6F2EB439-30E8-45F9-B5B4-9BC2D6407796}.Release|x86.Build.0 = Release|Win32
		{EC86A57B-EC98-4B0C-907C-42470463460C}.Debug|x64.ActiveCfg = Debug|x64
		{EC86A57B-EC98-4B0C-907C-42470463460C}.Debug|x64.Build.0 = Debug|x64
		{EC86A57B-EC98-4B0C-907C-42470463460C}.Debug|x86.ActiveCfg = Debug|Win32
		{EC86A57B-EC98-4B0C-907C-42470463460C}.Debug|x86.Build.0 = Debug|Win32
		{EC86A57B-EC98-4B0C-907C-42470463460C}.Release|x64.ActiveCfg = Release|x64
		{EC86A57B-EC98-4B0C-907C-42470463460C}.Release|x64.Build.0 = Release|x64
		{EC86A57B-EC98-4B0C-907C-42470463460C}.Release|x86.ActiveCfg = Release|Win32
		{EC86A57B-EC98-4B0C-907C-42470463460C}.Release|x86.Build.0 = Release|Win32
		{ACDA33D6-AF88-4ED0-A8FA-1AD640025F70}.Debug|x64.ActiveCfg = Debug|x64
		{ACDA33D6-AF88-4ED0-A8FA-1AD640025F70}.Debug|x64.Build.0 = Debug|x64
		{ACDA33D6-AF88-4ED0-A8FA-1AD640025F70}.Debug|x86.ActiveCfg = Debug|Win32
		{ACDA33D6-AF88-4ED0-A8FA-1AD640025F70}.Debug|x86.Build.0 = Debug|Win32
		{ACDA33D6-AF88-4ED0-A8FA-1AD640025F70}.Release|x64.ActiveCfg = Release|x64
		{ACDA33D6-AF88-4ED0-A8FA-1AD640025F70}.Release|x64.Build.0 = Release|x64
		{ACDA33D6-AF88-4ED0-A8FA-1AD640025F70}.Release|x86.ActiveCfg = Release|Win32
		{ACDA33D6-AF88-4ED0-A8FA-1AD640025F70}.Release|x86.Build.0 = Release|Win32
		{5D15D5A4-876A-46A1-8986-48B64ED14E4B}.Debug|x64.ActiveCfg = Debug|x64
		{5D15D5A4-876A-46A1-8986-48B64ED14E4B}.Debug|x64.Build.0 = Debug|x64
		{5D15D5A4-876A-46A1-8986-48B64ED14E4B}.Debug|x86.ActiveCfg = Debug|Win32
		{5D15D5A4-876A-46A1-8986-48B64ED14E4B}.Debug|x86.Build.0 = Debug|Win32
		{5D15D5A4-876A-46A1-8986-48B64ED14E4B}.Release|x64.ActiveCfg = Release|x64
		{5D15D5A4-876A-46A1-8986-48B64ED14E4B}.Release|x64.Build.0 = Release|x64
		{5D15D5A4-876A-46A1-8986-48B64ED14E4B}.Release|x86.ActiveCfg = Release|Win32
		{5D15D5A4-876A-46A1-8986-48B64ED14E4B}.Release|x86.Build.0 = Release|Win32
		{E0D69245-458A-403E-A22C-F0D7904A667E}.Debug|x64.ActiveCfg = Debug|x64
		{E0D69245-458A-403E-A22C-F0D7904A667E}.Debug|x64.Build.0 = Debug|x64
		{E0D69245-458A-403E-A22C-F0D7904A667E}.Debug|x86.ActiveCfg = Debug|Win32
		{E0D69245-458A-403E-A22C-F0D7904A667E}.Debug|x86.Build.0 = Debug|Win32
		{E0D69245-458A-403E-A22C-F0D7904A667E}.Release|x64.ActiveCfg = Release|x64
		{E0D69245-458A-403E-A22C-F0D7904A667E}.Release|x64.Build.0 = Release|x64
		{E0D69245-458A-403E-A22C-F0D7904A667E}.Release|x86.ActiveCfg = Release|Win32
		{E0D69245-458A-403E-A22C-F0D7904A667E}.Release|x86.Build.0 = Release|Win32
		{7C251AC6-13E0-40D3-B1A7-718FF6F6BE5F}.Debug|x64.ActiveCfg = Debug|x64
		{7C251AC6-13E0-40D3-B1A7-718FF6F6BE5F}.Debug|x64.Build.0 = Debug|x64
		{7C251AC6-13E0-40D3-B1A7-718FF6F6BE5F}.Debug|x86.ActiveCfg = Debug|Win32
		{7C251AC6-13E0-40D3-B1A7-718FF6F6BE5F}.Debug|x86.Build.0 = Debug|Win32
		{7C251AC6-13E0-40D3-B1A7-718FF6F6BE5F}.Release|x64.ActiveCfg = Release|x64
		{7C251AC6-13E0-40D3-B1A7-718FF6F6BE5F}.Release|x64.Build.0 = Release|x64
		{7C251AC6-13E0-40D3-B1A7-718FF6F6BE5F}.Release|x86.ActiveCfg = Release|Win32
		{7C251AC6-13E0-40D3-B1A7-718FF6F6BE5F}.Release|x86.Build.0 = Release|Win32
		{3C7C9B9F-59C3-4AEF-A2F4-E6D30B1E7631}.Debug|x64.ActiveCfg = Debug|x64
		{3C7C9B9F-59C3-4AEF-A2F4-E6D30B1E7631}.Debug|x64.Build.0 = Debug|x64
		{3C7C9B9F-59C3-4AEF-A2F4-E6D30B1E7631}.Debug|x86.ActiveCfg = Debug|Win32
		{3C7C9B9F-59C3-4AEF-A2F4-E6D30B1E7631}.Debug|x86.Build.0 = Debug|Win32
		{3C7C9B9F-59C3-4AEF-A2F4-E6D30B1E7631}.Release|x64.ActiveCfg = Release|x64
		{3C7C9B9F-59C3-4AEF-A2F4-E6D30B1E7631}.Release|x64.Build.0 = Release|x64
		{3C7C9B9F-59C3-4AEF-A2F4-E6D30B1E7631}.Release|x86.ActiveCfg = Release|Win32
		{3C7C9B9F-59C3-4AEF-A2F4-E6D30B1E7631}.Release|x86.Build.0 = Release|Win32
		{476BBC3D-7737-44D5-8C88-219AAECC061B}.Debug|x64.ActiveCfg = Debug|x64
		{476BBC3D-7737-44D5-8C88-219AAECC061B}.Debug|x64.Build.0 = Debug|x64
		{476BBC3D-7737-44D5-8C88-219AAECC061B}.Debug|x86.ActiveCfg = Debug|Win32
		{476BBC3D-7737-44D5-8C88-219AAECC061B}.Debug|x86.Build.0 = Debug|Win32
		{476BBC3D-7737-44D5-8C88-219AAECC061B}.Release|x64.ActiveCfg = Release|x64
		{476BBC3D-7737-44D5-8C88-219AAECC061B}.Release|x64.Build.0 = Release|x64
		{476BBC3D-7737-44D5-8C88-219AAECC061B}.Release|x86.ActiveCfg = Release|Win32
		{476BBC3D-7737-44D5-8C88-219AAECC061B}.Release|x86.Build.0 = Release|Win32
		{E23D7EBB-F667-404A-A049-E130E2428958}.Debug|x64.ActiveCfg = Debug|x64
		{E23D7EBB-F667-404A-A049-E130E2428958}.Debug|x64.Build.0 = Debug|x64
		{E23D7EBB-F667-404A-A049-E130E2428958}.Debug|x86.ActiveCfg = Debug|Win32
		{E23D7EBB-F667-404A-A049-E130E2428958}.Debug|x86.Build.0 = Debug|Win32
		{E23D7EBB-F667-404A-A049-E130E2428958}.Release|x64.ActiveCfg = Release|x64
		{E23D7EBB-F667-404A-A049-E130E2428958}.Release|x64.Build.0 = Release|x64
		{E23D7EBB-F667-404A-A049-E130E2428958}.Release|x86.ActiveCfg = Release|Win32
		{E23D7EBB-F667-404A-A049-E130E2428958}.Release|x86.Build.0 = Release|Win32
		{CD2E2F69-1BE7-441B-839E-0693606B8BC2}.Debug|x64.ActiveCfg = Debug|x64
		{CD2E2F69-1BE7-441B-839E-0693606B8BC2}.Debug|x64.Build.0 = Debug|x64
		{CD2E2F69-1BE7-441B-839E-0693606B8BC2}.Debug|x86.ActiveCfg = Debug|Win32
		{CD2E2F69-1BE7-441B-839E-0693606B8BC2}.Debug|x86.Build.0 = Debug|Win32
		{CD2E2F69-1BE7-441B-839E-0693606B8BC2}.Release|x64.ActiveCfg = Release|x64
		{CD2E2F69-1BE7-441B-839E-0693606B8BC2}.Release|x64.Build.0 = Release|x64
		{CD2E2F69-1BE7-441B-839E-0693606B8BC2}.Release|x86.ActiveCfg = Release|Win32
		{CD2E2F69-1BE7-441B-839E-0693606B8BC2}.Release|x86.Build.0 = Release|Win32
		{3A893509-9D16-4216-BEE2-31C43112B164}.Debug|x64.ActiveCfg = Debug|x64
		{3A893509-9D16-4216-BEE2-31C43112B164}.Debug|x64.Build.0 = Debug|x64
		{3A893509-9D16-4216-BEE2-31C43112B164}.Debug|x86.ActiveCfg = Debug|Win32
		{3A893509-9D16-4216-BEE2-31C43112B164}.Debug|x86.Build.0 = Debug|Win32
		{3A893509-9D16-4216-BEE2-31C43112B164}.Release|x64.ActiveCfg = Release|x64
		{3A893509-9D16-4216-BEE2-31C43112B164}.Release|x64.Build.0 = Release|x64
		{3A893509-9D16-4216-BEE2-31C43112B164}.Release|x86.ActiveCfg = Release|Win32
		{3A893509-9D16-4216-BEE2-31C43112B164}.Release|x86.Build.0 = Release|Win32
		{8E6A0190-BB79-40F1-8908-3FCD1821BB33}.Debug|x64.ActiveCfg = Debug|x64
		{8E6A0190-BB79-40F1-8908-3FCD1821BB33}.Debug|x64.Build.0 = Debug|x64
		{8E6A0190-BB79-40F1-8908-3FCD1821BB33}.Debug|x86.ActiveCfg = Debug|Win32
		{8E6A0190-BB79-40F1-8908-3FCD1821BB33}.Debug|x86.Build.0 = Debug|Win32
		{8E6A0190-BB79-40F1-8908-3FCD1821BB33}.Release|x64.ActiveCfg = Release|x64
		{8E6A0190-BB79-40F1-8908-3FCD1821BB33}.Release|x64.Build.0 = Release|x64
		{8E6A0190-BB79-40F1-8908-3FCD1821BB33}.Release|x86.ActiveCfg = Release|Win32
		{8E6A0190-BB79-40F1-8908-3FCD1821BB33}.Release|x86.Build.0 = Release|Win32
	EndGlobalSection
	GlobalSection(SolutionProperties) = preSolution
		HideSolutionNode = FALSE
	EndGlobalSection
	GlobalSection(NestedProjects) = preSolution
		{12F7F0F1-3DD0-4F14-B113-56A95520A813} = {AFA38F57-D203-4BAE-A4A8-06E78C7B0E32}
		{E9142E6C-C475-400A-8CE2-66BF5D14057D} = {AFA38F57-D203-4BAE-A4A8-06E78C7B0E32}
		{10BDDEAD-8B76-4D3A-BDD3-A07EAB8EF5F8} = {AFA38F57-D203-4BAE-A4A8-06E78C7B0E32}
		{4ECBDFA2-14A0-4262-BC4E-1437ADB551BB} = {AFA38F57-D203-4BAE-A4A8-06E78C7B0E32}
		{84B5444A-7A27-40AF-B6C3-17C45EA4B928} = {AFA38F57-D203-4BAE-A4A8-06E78C7B0E32}
		{6F2EB439-30E8-45F9-B5B4-9BC2D6407796} = {AFA38F57-D203-4BAE-A4A8-06E78C7B0E32}
		{EC86A57B-EC98-4B0C-907C-42470463460C} = {AFA38F57-D203-4BAE-A4A8-06E78C7B0E32}
		{ACDA33D6-AF88-4ED0-A8FA-1AD640025F70} = {AFA38F57-D203-4BAE-A4A8-06E78C7B0E32}
		{5D15D5A4-876A-46A1-8986-48B64ED14E4B} = {AFA38F57-D203-4BAE-A4A8-06E78C7B0E32}
		{E0D69245-458A-403E-A22C-F0D7904A667E} = {AFA38F57-D203-4BAE-A4A8-06E78C7B0E32}
		{7C251AC6-13E0-40D3-B1A7-718FF6F6BE5F} = {AFA38F57-D203-4BAE-A4A8-06E78C7B0E32}
		{3C7C9B9F-59C3-4AEF-A2F4-E6D30B1E7631} = {AFA38F57-D203-4BAE-A4A8-06E78C7B0E32}
		{476BBC3D-7737-44D5-8C88-219AAECC061B} = {AFA38F57-D203-4BAE-A4A8-06E78C7B0E32}
		{E23D7EBB-F667-404A-A049-E130E2428958} = {AFA38F57-D203-4BAE-A4A8-06E78C7B0E32}
		{CD2E2F69-1BE7-441B-839E-0693606B8BC2} = {AFA38F57-D203-4BAE-A4A8-06E78C7B0E32}
		{3A893509-9D16-4216-BEE2-31C43112B164} = {AFA38F57-D203-4BAE-A4A8-06E78C7B0E32}
		{8E6A0190-BB79-40F1-8908-3FCD1821BB33} = {AFA38F57-D203-4BAE-A4A8-06E78C7B0E32}
	EndGlobalSection
	GlobalSection(ExtensibilityGlobals) = postSolution
		SolutionGuid = {CBF86406-9814-4F4A-BE1E-7B7A8BE3D6EF}
	EndGlobalSection
EndGlobal
